// !$*UTF8*$!
{
	archiveVersion = 1;
	classes = {
	};
	objectVersion = 70;
	objects = {

/* Begin PBXBuildFile section */
		7306849D2EBA1C7B001BCE5B /* fur_elise.xml in Resources */ = {isa = PBXBuildFile; fileRef = 7306849C2EBA1C7B001BCE5B /* fur_elise.xml */; };
		7306849F2EBA32FC001BCE5B /* MetronomeVisualView.swift in Sources */ = {isa = PBXBuildFile; fileRef = 7306849E2EBA32FC001BCE5B /* MetronomeVisualView.swift */; };
		737158F62EBB941000645726 /* TimeProvider.swift in Sources */ = {isa = PBXBuildFile; fileRef = 737158F52EBB941000645726 /* TimeProvider.swift */; };
		73AD151C2EB9A8F400478D55 /* MultiPageSVGMusicSheetView.swift in Sources */ = {isa = PBXBuildFile; fileRef = 73AD151B2EB9A8F400478D55 /* MultiPageSVGMusicSheetView.swift */; };
		73AD151E2EB9B16A00478D55 /* MIDIPlayer.swift in Sources */ = {isa = PBXBuildFile; fileRef = 73AD151D2EB9B16A00478D55 /* MIDIPlayer.swift */; };
		73AD151F2EB9C00000478D55 /* MXLDecompressor.swift in Sources */ = {isa = PBXBuildFile; fileRef = 73AD15202EB9C00000478D55 /* MXLDecompressor.swift */; };
		73AD15202EB9BF3D00478D55 /* Metronome.swift in Sources */ = {isa = PBXBuildFile; fileRef = 73AD151F2EB9BF3D00478D55 /* Metronome.swift */; };
		E1A001 /* MusicSheetsCopilotApp.swift in Sources */ = {isa = PBXBuildFile; fileRef = E1A002 /* MusicSheetsCopilotApp.swift */; };
		E1A003 /* ContentView.swift in Sources */ = {isa = PBXBuildFile; fileRef = E1A004 /* ContentView.swift */; };
		E1A005 /* Assets.xcassets in Resources */ = {isa = PBXBuildFile; fileRef = E1A006 /* Assets.xcassets */; };
		E1A013 /* twinkle_twinkle.xml in Resources */ = {isa = PBXBuildFile; fileRef = E1A014 /* twinkle_twinkle.xml */; };
		E1A034 /* VerovioToolkit in Frameworks */ = {isa = PBXBuildFile; productRef = E1A035 /* VerovioToolkit */; };
		E1A037 /* VerovioService.swift in Sources */ = {isa = PBXBuildFile; fileRef = E1A038 /* VerovioService.swift */; };
/* End PBXBuildFile section */

/* Begin PBXContainerItemProxy section */
		737158DB2EBB87AF00645726 /* PBXContainerItemProxy */ = {
			isa = PBXContainerItemProxy;
			containerPortal = E1A028 /* Project object */;
			proxyType = 1;
			remoteGlobalIDString = E1A024;
			remoteInfo = MusicSheetsCopilot;
		};
/* End PBXContainerItemProxy section */

/* Begin PBXFileReference section */
		7306849C2EBA1C7B001BCE5B /* fur_elise.xml */ = {isa = PBXFileReference; lastKnownFileType = text.xml; path = fur_elise.xml; sourceTree = "<group>"; };
		7306849E2EBA32FC001BCE5B /* MetronomeVisualView.swift */ = {isa = PBXFileReference; lastKnownFileType = sourcecode.swift; path = MetronomeVisualView.swift; sourceTree = "<group>"; };
		737158D72EBB87AF00645726 /* MusicSheetsCopilotTests.xctest */ = {isa = PBXFileReference; explicitFileType = wrapper.cfbundle; includeInIndex = 0; path = MusicSheetsCopilotTests.xctest; sourceTree = BUILT_PRODUCTS_DIR; };
		737158F52EBB941000645726 /* TimeProvider.swift */ = {isa = PBXFileReference; lastKnownFileType = sourcecode.swift; path = TimeProvider.swift; sourceTree = "<group>"; };
		73AD151B2EB9A8F400478D55 /* MultiPageSVGMusicSheetView.swift */ = {isa = PBXFileReference; lastKnownFileType = sourcecode.swift; path = MultiPageSVGMusicSheetView.swift; sourceTree = "<group>"; };
		73AD151D2EB9B16A00478D55 /* MIDIPlayer.swift */ = {isa = PBXFileReference; lastKnownFileType = sourcecode.swift; path = MIDIPlayer.swift; sourceTree = "<group>"; };
		73AD151F2EB9BF3D00478D55 /* Metronome.swift */ = {isa = PBXFileReference; lastKnownFileType = sourcecode.swift; path = Metronome.swift; sourceTree = "<group>"; };
		73AD15202EB9C00000478D55 /* MXLDecompressor.swift */ = {isa = PBXFileReference; lastKnownFileType = sourcecode.swift; path = MXLDecompressor.swift; sourceTree = "<group>"; };
		E1A002 /* MusicSheetsCopilotApp.swift */ = {isa = PBXFileReference; lastKnownFileType = sourcecode.swift; path = MusicSheetsCopilotApp.swift; sourceTree = "<group>"; };
		E1A004 /* ContentView.swift */ = {isa = PBXFileReference; lastKnownFileType = sourcecode.swift; path = ContentView.swift; sourceTree = "<group>"; };
		E1A006 /* Assets.xcassets */ = {isa = PBXFileReference; lastKnownFileType = folder.assetcatalog; path = Assets.xcassets; sourceTree = "<group>"; };
		E1A014 /* twinkle_twinkle.xml */ = {isa = PBXFileReference; lastKnownFileType = text.xml; path = twinkle_twinkle.xml; sourceTree = "<group>"; };
		E1A015 /* MusicSheetsCopilot.app */ = {isa = PBXFileReference; explicitFileType = wrapper.application; includeInIndex = 0; path = MusicSheetsCopilot.app; sourceTree = BUILT_PRODUCTS_DIR; };
		E1A016 /* Info.plist */ = {isa = PBXFileReference; lastKnownFileType = text.plist.xml; path = Info.plist; sourceTree = "<group>"; };
		E1A038 /* VerovioService.swift */ = {isa = PBXFileReference; lastKnownFileType = sourcecode.swift; path = VerovioService.swift; sourceTree = "<group>"; };
/* End PBXFileReference section */

/* Begin PBXFileSystemSynchronizedRootGroup section */
		737158D82EBB87AF00645726 /* MusicSheetsCopilotTests */ = {isa = PBXFileSystemSynchronizedRootGroup; explicitFileTypes = {}; explicitFolders = (); path = MusicSheetsCopilotTests; sourceTree = "<group>"; };
/* End PBXFileSystemSynchronizedRootGroup section */

/* Begin PBXFrameworksBuildPhase section */
		737158D42EBB87AF00645726 /* Frameworks */ = {
			isa = PBXFrameworksBuildPhase;
			buildActionMask = 2147483647;
			files = (
			);
			runOnlyForDeploymentPostprocessing = 0;
		};
		E1A017 /* Frameworks */ = {
			isa = PBXFrameworksBuildPhase;
			buildActionMask = 2147483647;
			files = (
				E1A034 /* VerovioToolkit in Frameworks */,
			);
			runOnlyForDeploymentPostprocessing = 0;
		};
/* End PBXFrameworksBuildPhase section */

/* Begin PBXGroup section */
		E1A018 = {
			isa = PBXGroup;
			children = (
				E1A019 /* MusicSheetsCopilot */,
				737158D82EBB87AF00645726 /* MusicSheetsCopilotTests */,
				E1A020 /* Products */,
			);
			sourceTree = "<group>";
		};
		E1A019 /* MusicSheetsCopilot */ = {
			isa = PBXGroup;
			children = (
				E1A002 /* MusicSheetsCopilotApp.swift */,
				E1A004 /* ContentView.swift */,
				E1A021 /* Views */,
				E1A022 /* Models */,
				E1A023 /* Resources */,
				E1A006 /* Assets.xcassets */,
				E1A016 /* Info.plist */,
			);
			path = MusicSheetsCopilot;
			sourceTree = "<group>";
		};
		E1A020 /* Products */ = {
			isa = PBXGroup;
			children = (
				E1A015 /* MusicSheetsCopilot.app */,
				737158D72EBB87AF00645726 /* MusicSheetsCopilotTests.xctest */,
			);
			name = Products;
			sourceTree = "<group>";
		};
		E1A021 /* Views */ = {
			isa = PBXGroup;
			children = (
				7306849E2EBA32FC001BCE5B /* MetronomeVisualView.swift */,
				73AD151B2EB9A8F400478D55 /* MultiPageSVGMusicSheetView.swift */,
			);
			path = Views;
			sourceTree = "<group>";
		};
		E1A022 /* Models */ = {
			isa = PBXGroup;
			children = (
				73AD151F2EB9BF3D00478D55 /* Metronome.swift */,
				73AD151D2EB9B16A00478D55 /* MIDIPlayer.swift */,
				73AD15202EB9C00000478D55 /* MXLDecompressor.swift */,
				737158F52EBB941000645726 /* TimeProvider.swift */,
				E1A038 /* VerovioService.swift */,
			);
			path = Models;
			sourceTree = "<group>";
		};
		E1A023 /* Resources */ = {
			isa = PBXGroup;
			children = (
				7306849C2EBA1C7B001BCE5B /* fur_elise.xml */,
				E1A014 /* twinkle_twinkle.xml */,
			);
			path = Resources;
			sourceTree = "<group>";
		};
/* End PBXGroup section */

/* Begin PBXNativeTarget section */
		737158D62EBB87AF00645726 /* MusicSheetsCopilotTests */ = {
			isa = PBXNativeTarget;
			buildConfigurationList = 737158DF2EBB87AF00645726 /* Build configuration list for PBXNativeTarget "MusicSheetsCopilotTests" */;
			buildPhases = (
				737158D32EBB87AF00645726 /* Sources */,
				737158D42EBB87AF00645726 /* Frameworks */,
				737158D52EBB87AF00645726 /* Resources */,
			);
			buildRules = (
			);
			dependencies = (
				737158DC2EBB87AF00645726 /* PBXTargetDependency */,
			);
			fileSystemSynchronizedGroups = (
				737158D82EBB87AF00645726 /* MusicSheetsCopilotTests */,
			);
			name = MusicSheetsCopilotTests;
			packageProductDependencies = (
			);
			productName = MusicSheetsCopilotTests;
			productReference = 737158D72EBB87AF00645726 /* MusicSheetsCopilotTests.xctest */;
			productType = "com.apple.product-type.bundle.unit-test";
		};
		E1A024 /* MusicSheetsCopilot */ = {
			isa = PBXNativeTarget;
			buildConfigurationList = E1A025 /* Build configuration list for PBXNativeTarget "MusicSheetsCopilot" */;
			buildPhases = (
				E1A026 /* Sources */,
				E1A017 /* Frameworks */,
				E1A027 /* Resources */,
			);
			buildRules = (
			);
			dependencies = (
			);
			name = MusicSheetsCopilot;
			packageProductDependencies = (
				E1A035 /* VerovioToolkit */,
			);
			productName = MusicSheetsCopilot;
			productReference = E1A015 /* MusicSheetsCopilot.app */;
			productType = "com.apple.product-type.application";
		};
/* End PBXNativeTarget section */

/* Begin PBXProject section */
		E1A028 /* Project object */ = {
			isa = PBXProject;
			attributes = {
				BuildIndependentTargetsInParallel = 1;
				LastSwiftUpdateCheck = 2610;
				LastUpgradeCheck = 2610;
				TargetAttributes = {
					737158D62EBB87AF00645726 = {
						CreatedOnToolsVersion = 26.1;
						TestTargetID = E1A024;
					};
					E1A024 = {
						CreatedOnToolsVersion = 15.0;
					};
				};
			};
			buildConfigurationList = E1A029 /* Build configuration list for PBXProject "MusicSheetsCopilot" */;
			compatibilityVersion = "Xcode 14.0";
			developmentRegion = en;
			hasScannedForEncodings = 0;
			knownRegions = (
				en,
				Base,
			);
			mainGroup = E1A018;
			packageReferences = (
				E1A036 /* XCRemoteSwiftPackageReference "verovio" */,
			);
			productRefGroup = E1A020 /* Products */;
			projectDirPath = "";
			projectRoot = "";
			targets = (
				E1A024 /* MusicSheetsCopilot */,
				737158D62EBB87AF00645726 /* MusicSheetsCopilotTests */,
			);
		};
/* End PBXProject section */

/* Begin PBXResourcesBuildPhase section */
		737158D52EBB87AF00645726 /* Resources */ = {
			isa = PBXResourcesBuildPhase;
			buildActionMask = 2147483647;
			files = (
			);
			runOnlyForDeploymentPostprocessing = 0;
		};
		E1A027 /* Resources */ = {
			isa = PBXResourcesBuildPhase;
			buildActionMask = 2147483647;
			files = (
				E1A005 /* Assets.xcassets in Resources */,
				7306849D2EBA1C7B001BCE5B /* fur_elise.xml in Resources */,
				E1A013 /* twinkle_twinkle.xml in Resources */,
			);
			runOnlyForDeploymentPostprocessing = 0;
		};
/* End PBXResourcesBuildPhase section */

/* Begin PBXSourcesBuildPhase section */
		737158D32EBB87AF00645726 /* Sources */ = {
			isa = PBXSourcesBuildPhase;
			buildActionMask = 2147483647;
			files = (
			);
			runOnlyForDeploymentPostprocessing = 0;
		};
		E1A026 /* Sources */ = {
			isa = PBXSourcesBuildPhase;
			buildActionMask = 2147483647;
			files = (
				737158F62EBB941000645726 /* TimeProvider.swift in Sources */,
				E1A003 /* ContentView.swift in Sources */,
				7306849F2EBA32FC001BCE5B /* MetronomeVisualView.swift in Sources */,
				73AD151E2EB9B16A00478D55 /* MIDIPlayer.swift in Sources */,
				73AD151F2EB9C00000478D55 /* MXLDecompressor.swift in Sources */,
				73AD15202EB9BF3D00478D55 /* Metronome.swift in Sources */,
				73AD151C2EB9A8F400478D55 /* MultiPageSVGMusicSheetView.swift in Sources */,
				E1A001 /* MusicSheetsCopilotApp.swift in Sources */,
				E1A037 /* VerovioService.swift in Sources */,
			);
			runOnlyForDeploymentPostprocessing = 0;
		};
/* End PBXSourcesBuildPhase section */

/* Begin PBXTargetDependency section */
		737158DC2EBB87AF00645726 /* PBXTargetDependency */ = {
			isa = PBXTargetDependency;
			target = E1A024 /* MusicSheetsCopilot */;
			targetProxy = 737158DB2EBB87AF00645726 /* PBXContainerItemProxy */;
		};
/* End PBXTargetDependency section */

/* Begin XCBuildConfiguration section */
		737158DD2EBB87AF00645726 /* Debug */ = {
			isa = XCBuildConfiguration;
			buildSettings = {
				BUNDLE_LOADER = "$(TEST_HOST)";
				CODE_SIGN_STYLE = Automatic;
				CURRENT_PROJECT_VERSION = 1;
				DEAD_CODE_STRIPPING = YES;
				GENERATE_INFOPLIST_FILE = YES;
				MACOSX_DEPLOYMENT_TARGET = 26.1;
				MARKETING_VERSION = 1.0;
				PRODUCT_BUNDLE_IDENTIFIER = com.toxgam.MusicSheetsCopilotTests;
				PRODUCT_NAME = "$(TARGET_NAME)";
				SDKROOT = macosx;
				STRING_CATALOG_GENERATE_SYMBOLS = NO;
				SWIFT_APPROACHABLE_CONCURRENCY = YES;
				SWIFT_EMIT_LOC_STRINGS = NO;
				SWIFT_UPCOMING_FEATURE_MEMBER_IMPORT_VISIBILITY = YES;
				SWIFT_VERSION = 5.0;
				TEST_HOST = "$(BUILT_PRODUCTS_DIR)/MusicSheetsCopilot.app/$(BUNDLE_EXECUTABLE_FOLDER_PATH)/MusicSheetsCopilot";
			};
			name = Debug;
		};
		737158DE2EBB87AF00645726 /* Release */ = {
			isa = XCBuildConfiguration;
			buildSettings = {
				BUNDLE_LOADER = "$(TEST_HOST)";
				CODE_SIGN_STYLE = Automatic;
				CURRENT_PROJECT_VERSION = 1;
				DEAD_CODE_STRIPPING = YES;
				GENERATE_INFOPLIST_FILE = YES;
				MACOSX_DEPLOYMENT_TARGET = 26.1;
				MARKETING_VERSION = 1.0;
				PRODUCT_BUNDLE_IDENTIFIER = com.toxgam.MusicSheetsCopilotTests;
				PRODUCT_NAME = "$(TARGET_NAME)";
				SDKROOT = macosx;
				STRING_CATALOG_GENERATE_SYMBOLS = NO;
				SWIFT_APPROACHABLE_CONCURRENCY = YES;
				SWIFT_EMIT_LOC_STRINGS = NO;
				SWIFT_UPCOMING_FEATURE_MEMBER_IMPORT_VISIBILITY = YES;
				SWIFT_VERSION = 5.0;
				TEST_HOST = "$(BUILT_PRODUCTS_DIR)/MusicSheetsCopilot.app/$(BUNDLE_EXECUTABLE_FOLDER_PATH)/MusicSheetsCopilot";
			};
			name = Release;
		};
		E1A030 /* Debug */ = {
			isa = XCBuildConfiguration;
			buildSettings = {
				ALWAYS_SEARCH_USER_PATHS = NO;
				ASSETCATALOG_COMPILER_GENERATE_SWIFT_ASSET_SYMBOL_EXTENSIONS = YES;
				CLANG_ANALYZER_NONNULL = YES;
				CLANG_ANALYZER_NUMBER_OBJECT_CONVERSION = YES_AGGRESSIVE;
				CLANG_CXX_LANGUAGE_STANDARD = "gnu++20";
				CLANG_ENABLE_MODULES = YES;
				CLANG_ENABLE_OBJC_ARC = YES;
				CLANG_ENABLE_OBJC_WEAK = YES;
				CLANG_WARN_BLOCK_CAPTURE_AUTORELEASING = YES;
				CLANG_WARN_BOOL_CONVERSION = YES;
				CLANG_WARN_COMMA = YES;
				CLANG_WARN_CONSTANT_CONVERSION = YES;
				CLANG_WARN_DEPRECATED_OBJC_IMPLEMENTATIONS = YES;
				CLANG_WARN_DIRECT_OBJC_ISA_USAGE = YES_ERROR;
				CLANG_WARN_DOCUMENTATION_COMMENTS = YES;
				CLANG_WARN_EMPTY_BODY = YES;
				CLANG_WARN_ENUM_CONVERSION = YES;
				CLANG_WARN_INFINITE_RECURSION = YES;
				CLANG_WARN_INT_CONVERSION = YES;
				CLANG_WARN_NON_LITERAL_NULL_CONVERSION = YES;
				CLANG_WARN_OBJC_IMPLICIT_RETAIN_SELF = YES;
				CLANG_WARN_OBJC_LITERAL_CONVERSION = YES;
				CLANG_WARN_OBJC_ROOT_CLASS = YES_ERROR;
				CLANG_WARN_QUOTED_INCLUDE_IN_FRAMEWORK_HEADER = YES;
				CLANG_WARN_RANGE_LOOP_ANALYSIS = YES;
				CLANG_WARN_STRICT_PROTOTYPES = YES;
				CLANG_WARN_SUSPICIOUS_MOVE = YES;
				CLANG_WARN_UNGUARDED_AVAILABILITY = YES_AGGRESSIVE;
				CLANG_WARN_UNREACHABLE_CODE = YES;
				CLANG_WARN__DUPLICATE_METHOD_MATCH = YES;
				COPY_PHASE_STRIP = NO;
				DEAD_CODE_STRIPPING = YES;
				DEBUG_INFORMATION_FORMAT = dwarf;
				DEVELOPMENT_TEAM = JK342EG2L2;
				ENABLE_STRICT_OBJC_MSGSEND = YES;
				ENABLE_TESTABILITY = YES;
				ENABLE_USER_SCRIPT_SANDBOXING = YES;
				GCC_C_LANGUAGE_STANDARD = gnu17;
				GCC_DYNAMIC_NO_PIC = NO;
				GCC_NO_COMMON_BLOCKS = YES;
				GCC_OPTIMIZATION_LEVEL = 0;
				GCC_PREPROCESSOR_DEFINITIONS = (
					"DEBUG=1",
					"$(inherited)",
				);
				GCC_WARN_64_TO_32_BIT_CONVERSION = YES;
				GCC_WARN_ABOUT_RETURN_TYPE = YES_ERROR;
				GCC_WARN_UNDECLARED_SELECTOR = YES;
				GCC_WARN_UNINITIALIZED_AUTOS = YES_AGGRESSIVE;
				GCC_WARN_UNUSED_FUNCTION = YES;
				GCC_WARN_UNUSED_VARIABLE = YES;
				LOCALIZATION_PREFERS_STRING_CATALOGS = YES;
				MTL_ENABLE_DEBUG_INFO = INCLUDE_SOURCE;
				MTL_FAST_MATH = YES;
				ONLY_ACTIVE_ARCH = YES;
				STRING_CATALOG_GENERATE_SYMBOLS = YES;
				SWIFT_ACTIVE_COMPILATION_CONDITIONS = "DEBUG $(inherited)";
				SWIFT_OPTIMIZATION_LEVEL = "-Onone";
			};
			name = Debug;
		};
		E1A031 /* Release */ = {
			isa = XCBuildConfiguration;
			buildSettings = {
				ALWAYS_SEARCH_USER_PATHS = NO;
				ASSETCATALOG_COMPILER_GENERATE_SWIFT_ASSET_SYMBOL_EXTENSIONS = YES;
				CLANG_ANALYZER_NONNULL = YES;
				CLANG_ANALYZER_NUMBER_OBJECT_CONVERSION = YES_AGGRESSIVE;
				CLANG_CXX_LANGUAGE_STANDARD = "gnu++20";
				CLANG_ENABLE_MODULES = YES;
				CLANG_ENABLE_OBJC_ARC = YES;
				CLANG_ENABLE_OBJC_WEAK = YES;
				CLANG_WARN_BLOCK_CAPTURE_AUTORELEASING = YES;
				CLANG_WARN_BOOL_CONVERSION = YES;
				CLANG_WARN_COMMA = YES;
				CLANG_WARN_CONSTANT_CONVERSION = YES;
				CLANG_WARN_DEPRECATED_OBJC_IMPLEMENTATIONS = YES;
				CLANG_WARN_DIRECT_OBJC_ISA_USAGE = YES_ERROR;
				CLANG_WARN_DOCUMENTATION_COMMENTS = YES;
				CLANG_WARN_EMPTY_BODY = YES;
				CLANG_WARN_ENUM_CONVERSION = YES;
				CLANG_WARN_INFINITE_RECURSION = YES;
				CLANG_WARN_INT_CONVERSION = YES;
				CLANG_WARN_NON_LITERAL_NULL_CONVERSION = YES;
				CLANG_WARN_OBJC_IMPLICIT_RETAIN_SELF = YES;
				CLANG_WARN_OBJC_LITERAL_CONVERSION = YES;
				CLANG_WARN_OBJC_ROOT_CLASS = YES_ERROR;
				CLANG_WARN_QUOTED_INCLUDE_IN_FRAMEWORK_HEADER = YES;
				CLANG_WARN_RANGE_LOOP_ANALYSIS = YES;
				CLANG_WARN_STRICT_PROTOTYPES = YES;
				CLANG_WARN_SUSPICIOUS_MOVE = YES;
				CLANG_WARN_UNGUARDED_AVAILABILITY = YES_AGGRESSIVE;
				CLANG_WARN_UNREACHABLE_CODE = YES;
				CLANG_WARN__DUPLICATE_METHOD_MATCH = YES;
				COPY_PHASE_STRIP = NO;
				DEAD_CODE_STRIPPING = YES;
				DEBUG_INFORMATION_FORMAT = "dwarf-with-dsym";
				DEVELOPMENT_TEAM = JK342EG2L2;
				ENABLE_NS_ASSERTIONS = NO;
				ENABLE_STRICT_OBJC_MSGSEND = YES;
				ENABLE_USER_SCRIPT_SANDBOXING = YES;
				GCC_C_LANGUAGE_STANDARD = gnu17;
				GCC_NO_COMMON_BLOCKS = YES;
				GCC_WARN_64_TO_32_BIT_CONVERSION = YES;
				GCC_WARN_ABOUT_RETURN_TYPE = YES_ERROR;
				GCC_WARN_UNDECLARED_SELECTOR = YES;
				GCC_WARN_UNINITIALIZED_AUTOS = YES_AGGRESSIVE;
				GCC_WARN_UNUSED_FUNCTION = YES;
				GCC_WARN_UNUSED_VARIABLE = YES;
				LOCALIZATION_PREFERS_STRING_CATALOGS = YES;
				MTL_ENABLE_DEBUG_INFO = NO;
				MTL_FAST_MATH = YES;
				STRING_CATALOG_GENERATE_SYMBOLS = YES;
				SWIFT_COMPILATION_MODE = wholemodule;
			};
			name = Release;
		};
		E1A032 /* Debug */ = {
			isa = XCBuildConfiguration;
			buildSettings = {
				ASSETCATALOG_COMPILER_APPICON_NAME = AppIcon;
				ASSETCATALOG_COMPILER_GLOBAL_ACCENT_COLOR_NAME = AccentColor;
				CODE_SIGN_ENTITLEMENTS = "";
				CODE_SIGN_STYLE = Automatic;
				CURRENT_PROJECT_VERSION = 1;
				DEAD_CODE_STRIPPING = YES;
				ENABLE_HARDENED_RUNTIME = YES;
				ENABLE_PREVIEWS = YES;
				GENERATE_INFOPLIST_FILE = NO;
				INFOPLIST_FILE = MusicSheetsCopilot/Info.plist;
				INFOPLIST_KEY_CFBundleDisplayName = "Music Sheets";
				INFOPLIST_KEY_LSApplicationCategoryType = "public.app-category.music";
				"INFOPLIST_KEY_UIApplicationSceneManifest_Generation[sdk=iphoneos*]" = YES;
				"INFOPLIST_KEY_UIApplicationSceneManifest_Generation[sdk=iphonesimulator*]" = YES;
				"INFOPLIST_KEY_UIApplicationSupportsIndirectInputEvents[sdk=iphoneos*]" = YES;
				"INFOPLIST_KEY_UIApplicationSupportsIndirectInputEvents[sdk=iphonesimulator*]" = YES;
				"INFOPLIST_KEY_UILaunchScreen_Generation[sdk=iphoneos*]" = YES;
				"INFOPLIST_KEY_UILaunchScreen_Generation[sdk=iphonesimulator*]" = YES;
				"INFOPLIST_KEY_UIStatusBarStyle[sdk=iphoneos*]" = UIStatusBarStyleDefault;
				"INFOPLIST_KEY_UIStatusBarStyle[sdk=iphonesimulator*]" = UIStatusBarStyleDefault;
				INFOPLIST_KEY_UISupportedInterfaceOrientations = "UIInterfaceOrientationLandscapeLeft UIInterfaceOrientationLandscapeRight UIInterfaceOrientationPortrait UIInterfaceOrientationPortraitUpsideDown";
				INFOPLIST_KEY_UISupportedInterfaceOrientations_iPad = "UIInterfaceOrientationLandscapeLeft UIInterfaceOrientationLandscapeRight UIInterfaceOrientationPortrait UIInterfaceOrientationPortraitUpsideDown";
				IPHONEOS_DEPLOYMENT_TARGET = 17.0;
				LD_RUNPATH_SEARCH_PATHS = "@executable_path/Frameworks";
				"LD_RUNPATH_SEARCH_PATHS[sdk=macosx*]" = "@executable_path/../Frameworks";
				MACOSX_DEPLOYMENT_TARGET = 14.0;
				MARKETING_VERSION = 1.0;
				PRODUCT_BUNDLE_IDENTIFIER = com.toxgam.musicsheetcopilot;
				PRODUCT_NAME = "$(TARGET_NAME)";
				SDKROOT = auto;
				SUPPORTED_PLATFORMS = "iphoneos iphonesimulator macosx";
				SUPPORTS_MACCATALYST = NO;
				SWIFT_EMIT_LOC_STRINGS = YES;
				SWIFT_VERSION = 5.0;
				TARGETED_DEVICE_FAMILY = "1,2";
			};
			name = Debug;
		};
		E1A033 /* Release */ = {
			isa = XCBuildConfiguration;
			buildSettings = {
				ASSETCATALOG_COMPILER_APPICON_NAME = AppIcon;
				ASSETCATALOG_COMPILER_GLOBAL_ACCENT_COLOR_NAME = AccentColor;
				CODE_SIGN_ENTITLEMENTS = "";
				CODE_SIGN_STYLE = Automatic;
				CURRENT_PROJECT_VERSION = 1;
				DEAD_CODE_STRIPPING = YES;
				ENABLE_HARDENED_RUNTIME = YES;
				ENABLE_PREVIEWS = YES;
				GENERATE_INFOPLIST_FILE = NO;
				INFOPLIST_FILE = MusicSheetsCopilot/Info.plist;
				INFOPLIST_KEY_CFBundleDisplayName = "Music Sheets";
				INFOPLIST_KEY_LSApplicationCategoryType = "public.app-category.music";
				"INFOPLIST_KEY_UIApplicationSceneManifest_Generation[sdk=iphoneos*]" = YES;
				"INFOPLIST_KEY_UIApplicationSceneManifest_Generation[sdk=iphonesimulator*]" = YES;
				"INFOPLIST_KEY_UIApplicationSupportsIndirectInputEvents[sdk=iphoneos*]" = YES;
				"INFOPLIST_KEY_UIApplicationSupportsIndirectInputEvents[sdk=iphonesimulator*]" = YES;
				"INFOPLIST_KEY_UILaunchScreen_Generation[sdk=iphoneos*]" = YES;
				"INFOPLIST_KEY_UILaunchScreen_Generation[sdk=iphonesimulator*]" = YES;
				"INFOPLIST_KEY_UIStatusBarStyle[sdk=iphoneos*]" = UIStatusBarStyleDefault;
				"INFOPLIST_KEY_UIStatusBarStyle[sdk=iphonesimulator*]" = UIStatusBarStyleDefault;
				INFOPLIST_KEY_UISupportedInterfaceOrientations = "UIInterfaceOrientationLandscapeLeft UIInterfaceOrientationLandscapeRight UIInterfaceOrientationPortrait UIInterfaceOrientationPortraitUpsideDown";
				INFOPLIST_KEY_UISupportedInterfaceOrientations_iPad = "UIInterfaceOrientationLandscapeLeft UIInterfaceOrientationLandscapeRight UIInterfaceOrientationPortrait UIInterfaceOrientationPortraitUpsideDown";
				IPHONEOS_DEPLOYMENT_TARGET = 17.0;
				LD_RUNPATH_SEARCH_PATHS = "@executable_path/Frameworks";
				"LD_RUNPATH_SEARCH_PATHS[sdk=macosx*]" = "@executable_path/../Frameworks";
				MACOSX_DEPLOYMENT_TARGET = 14.0;
				MARKETING_VERSION = 1.0;
				PRODUCT_BUNDLE_IDENTIFIER = com.toxgam.musicsheetcopilot;
				PRODUCT_NAME = "$(TARGET_NAME)";
				SDKROOT = auto;
				SUPPORTED_PLATFORMS = "iphoneos iphonesimulator macosx";
				SUPPORTS_MACCATALYST = NO;
				SWIFT_EMIT_LOC_STRINGS = YES;
				SWIFT_VERSION = 5.0;
				TARGETED_DEVICE_FAMILY = "1,2";
			};
			name = Release;
		};
/* End XCBuildConfiguration section */

/* Begin XCConfigurationList section */
		737158DF2EBB87AF00645726 /* Build configuration list for PBXNativeTarget "MusicSheetsCopilotTests" */ = {
			isa = XCConfigurationList;
			buildConfigurations = (
				737158DD2EBB87AF00645726 /* Debug */,
				737158DE2EBB87AF00645726 /* Release */,
			);
			defaultConfigurationIsVisible = 0;
			defaultConfigurationName = Release;
		};
		E1A025 /* Build configuration list for PBXNativeTarget "MusicSheetsCopilot" */ = {
			isa = XCConfigurationList;
			buildConfigurations = (
				E1A032 /* Debug */,
				E1A033 /* Release */,
			);
			defaultConfigurationIsVisible = 0;
			defaultConfigurationName = Release;
		};
		E1A029 /* Build configuration list for PBXProject "MusicSheetsCopilot" */ = {
			isa = XCConfigurationList;
			buildConfigurations = (
				E1A030 /* Debug */,
				E1A031 /* Release */,
			);
			defaultConfigurationIsVisible = 0;
			defaultConfigurationName = Release;
		};
/* End XCConfigurationList section */

/* Begin XCRemoteSwiftPackageReference section */
		E1A036 /* XCRemoteSwiftPackageReference "verovio" */ = {
			isa = XCRemoteSwiftPackageReference;
			repositoryURL = "https://github.com/rism-digital/verovio.git";
			requirement = {
				branch = master;
				kind = branch;
			};
		};
/* End XCRemoteSwiftPackageReference section */

/* Begin XCSwiftPackageProductDependency section */
		E1A035 /* VerovioToolkit */ = {
			isa = XCSwiftPackageProductDependency;
			package = E1A036 /* XCRemoteSwiftPackageReference "verovio" */;
			productName = VerovioToolkit;
		};
/* End XCSwiftPackageProductDependency section */
	};
	rootObject = E1A028 /* Project object */;
}
